PODS:
  - MJRefresh (3.1.15.7)
  - TSToolKit_Swift (1.1.1)

DEPENDENCIES:
  - MJRefresh
  - TSToolKit_Swift

SPEC REPOS:
  https://github.com/cocoapods/specs.git:
    - MJRefresh
    - TSToolKit_Swift

SPEC CHECKSUMS:
  MJRefresh: 697f8ec75ebdbe9207767bb682cf0f51b0d8a41f
  TSToolKit_Swift: 4f8605aaa825e634ba37e9b0b463337b61272e51

PODFILE CHECKSUM: dd11478805a0e6f7c72a59e2a0d7a244ac5006d5

COCOAPODS: 1.5.3
