PODS:
  - TSToolKit_Swift (1.1.1)

DEPENDENCIES:
  - TSToolKit_Swift

SPEC REPOS:
  https://github.com/cocoapods/specs.git:
    - TSToolKit_Swift

SPEC CHECKSUMS:
  TSToolKit_Swift: 4f8605aaa825e634ba37e9b0b463337b61272e51

PODFILE CHECKSUM: e69d8cd2028e2e754f4ff576f1bb99e120328bb5

COCOAPODS: 1.5.3
